
Microsoft Visual Studio Solution File, Format Version 12.00
# Visual Studio 15
VisualStudioVersion = 15.0.27004.2010
MinimumVisualStudioVersion = 10.0.40219.1
Project("{9A19103F-16F7-4668-BE54-9A1E7A4F7556}") = "BankLocker", "BankLocker\BankLocker.csproj", "{76CE355B-7367-4B76-BEA8-F8FEE6E7D284}"
EndProject
Project("{FAE04EC0-301F-11D3-BF4B-00C04F79EFBC}") = "BankLockerTest", "BankLockerTest\BankLockerTest.csproj", "{A105F83F-2B44-473C-8914-30E4976FFDA6}"
EndProject
Global
	GlobalSection(SolutionConfigurationPlatforms) = preSolution
		Debug|Any CPU = Debug|Any CPU
		Release|Any CPU = Release|Any CPU
	EndGlobalSection
	GlobalSection(ProjectConfigurationPlatforms) = postSolution
		{76CE355B-7367-4B76-BEA8-F8FEE6E7D284}.Debug|Any CPU.ActiveCfg = Debug|Any CPU
		{76CE355B-7367-4B76-BEA8-F8FEE6E7D284}.Debug|Any CPU.Build.0 = Debug|Any CPU
		{76CE355B-7367-4B76-BEA8-F8FEE6E7D284}.Release|Any CPU.ActiveCfg = Release|Any CPU
		{76CE355B-7367-4B76-BEA8-F8FEE6E7D284}.Release|Any CPU.Build.0 = Release|Any CPU
		{A105F83F-2B44-473C-8914-30E4976FFDA6}.Debug|Any CPU.ActiveCfg = Debug|Any CPU
		{A105F83F-2B44-473C-8914-30E4976FFDA6}.Debug|Any CPU.Build.0 = Debug|Any CPU
		{A105F83F-2B44-473C-8914-30E4976FFDA6}.Release|Any CPU.ActiveCfg = Release|Any CPU
		{A105F83F-2B44-473C-8914-30E4976FFDA6}.Release|Any CPU.Build.0 = Release|Any CPU
	EndGlobalSection
	GlobalSection(SolutionProperties) = preSolution
		HideSolutionNode = FALSE
	EndGlobalSection
	GlobalSection(ExtensibilityGlobals) = postSolution
		SolutionGuid = {EBB0C1C9-7A56-4A3E-8FAE-218490401E8A}
	EndGlobalSection
EndGlobal
